
Microsoft Visual Studio Solution File, Format Version 12.00
# Visual Studio 15
VisualStudioVersion = 15.0.28307.271
MinimumVisualStudioVersion = 10.0.40219.1
Project("{FAE04EC0-301F-11D3-BF4B-00C04F79EFBC}") = "EventApplication", "EventApplication\EventApplication.csproj", "{5654DA01-75D2-431D-AF62-C239FDF4DF9A}"
EndProject
Project("{FAE04EC0-301F-11D3-BF4B-00C04F79EFBC}") = "EventApplication.Tests", "EventApplication.Tests\EventApplication.Tests.csproj", "{B94EB064-A90F-4AF4-BC5D-4D71FDD972E6}"
EndProject
Global
	GlobalSection(SolutionConfigurationPlatforms) = preSolution
		Debug|Any CPU = Debug|Any CPU
		Release|Any CPU = Release|Any CPU
	EndGlobalSection
	GlobalSection(ProjectConfigurationPlatforms) = postSolution
		{5654DA01-75D2-431D-AF62-C239FDF4DF9A}.Debug|Any CPU.ActiveCfg = Debug|Any CPU
		{5654DA01-75D2-431D-AF62-C239FDF4DF9A}.Debug|Any CPU.Build.0 = Debug|Any CPU
		{5654DA01-75D2-431D-AF62-C239FDF4DF9A}.Release|Any CPU.ActiveCfg = Release|Any CPU
		{5654DA01-75D2-431D-AF62-C239FDF4DF9A}.Release|Any CPU.Build.0 = Release|Any CPU
		{B94EB064-A90F-4AF4-BC5D-4D71FDD972E6}.Debug|Any CPU.ActiveCfg = Debug|Any CPU
		{B94EB064-A90F-4AF4-BC5D-4D71FDD972E6}.Debug|Any CPU.Build.0 = Debug|Any CPU
		{B94EB064-A90F-4AF4-BC5D-4D71FDD972E6}.Release|Any CPU.ActiveCfg = Release|Any CPU
		{B94EB064-A90F-4AF4-BC5D-4D71FDD972E6}.Release|Any CPU.Build.0 = Release|Any CPU
	EndGlobalSection
	GlobalSection(SolutionProperties) = preSolution
		HideSolutionNode = FALSE
	EndGlobalSection
	GlobalSection(ExtensibilityGlobals) = postSolution
		SolutionGuid = {3EC542B8-BF48-4F0A-9F5E-316D7EA35571}
	EndGlobalSection
EndGlobal
