
Microsoft Visual Studio Solution File, Format Version 12.00
# Visual Studio 15
VisualStudioVersion = 15.0.28307.271
MinimumVisualStudioVersion = 10.0.40219.1
Project("{FAE04EC0-301F-11D3-BF4B-00C04F79EFBC}") = "MovieStore", "MovieStore\MovieStore.csproj", "{A37944DD-BCD0-493A-B860-ED8DF7E9E25F}"
EndProject
Project("{FAE04EC0-301F-11D3-BF4B-00C04F79EFBC}") = "MovieStore.Tests", "MovieStore.Tests\MovieStore.Tests.csproj", "{3C41E8C0-04A4-494E-B853-A7441599FFB8}"
EndProject
Global
	GlobalSection(SolutionConfigurationPlatforms) = preSolution
		Debug|Any CPU = Debug|Any CPU
		Release|Any CPU = Release|Any CPU
	EndGlobalSection
	GlobalSection(ProjectConfigurationPlatforms) = postSolution
		{A37944DD-BCD0-493A-B860-ED8DF7E9E25F}.Debug|Any CPU.ActiveCfg = Debug|Any CPU
		{A37944DD-BCD0-493A-B860-ED8DF7E9E25F}.Debug|Any CPU.Build.0 = Debug|Any CPU
		{A37944DD-BCD0-493A-B860-ED8DF7E9E25F}.Release|Any CPU.ActiveCfg = Release|Any CPU
		{A37944DD-BCD0-493A-B860-ED8DF7E9E25F}.Release|Any CPU.Build.0 = Release|Any CPU
		{3C41E8C0-04A4-494E-B853-A7441599FFB8}.Debug|Any CPU.ActiveCfg = Debug|Any CPU
		{3C41E8C0-04A4-494E-B853-A7441599FFB8}.Debug|Any CPU.Build.0 = Debug|Any CPU
		{3C41E8C0-04A4-494E-B853-A7441599FFB8}.Release|Any CPU.ActiveCfg = Release|Any CPU
		{3C41E8C0-04A4-494E-B853-A7441599FFB8}.Release|Any CPU.Build.0 = Release|Any CPU
	EndGlobalSection
	GlobalSection(SolutionProperties) = preSolution
		HideSolutionNode = FALSE
	EndGlobalSection
	GlobalSection(ExtensibilityGlobals) = postSolution
		SolutionGuid = {AA2FEA07-4801-42A6-AFA6-26E03E2EFD60}
	EndGlobalSection
EndGlobal
